
Microsoft Visual Studio Solution File, Format Version 12.00
# Visual Studio Version 17
VisualStudioVersion = 17.1.32228.430
MinimumVisualStudioVersion = 10.0.40219.1
Project("{2150E333-8FDC-42A3-9474-1A3956D46DE8}") = "src", "src", "{BE747B5C-0157-42A9-B33A-C207ED4E78E9}"
EndProject
Project("{2150E333-8FDC-42A3-9474-1A3956D46DE8}") = "tests", "tests", "{499B3B78-B821-4C2A-9734-C92AD131F47E}"
EndProject
Project("{9A19103F-16F7-4668-BE54-9A1E7A4F7556}") = "Domain", "src\Domain\Domain.csproj", "{96CA0F5B-CAF2-4BB4-9A1F-C2F2EA70CD57}"
EndProject
Project("{9A19103F-16F7-4668-BE54-9A1E7A4F7556}") = "Infrastructure", "src\Infrastructure\Infrastructure.csproj", "{954E1399-B94E-4090-B623-DD412724482C}"
	ProjectSection(ProjectDependencies) = postProject
		{7E712D52-479E-4941-B81C-3D798BD868D1} = {7E712D52-479E-4941-B81C-3D798BD868D1}
	EndProjectSection
EndProject
Project("{9A19103F-16F7-4668-BE54-9A1E7A4F7556}") = "Application", "src\Application\Application.csproj", "{7E712D52-479E-4941-B81C-3D798BD868D1}"
	ProjectSection(ProjectDependencies) = postProject
		{96CA0F5B-CAF2-4BB4-9A1F-C2F2EA70CD57} = {96CA0F5B-CAF2-4BB4-9A1F-C2F2EA70CD57}
	EndProjectSection
EndProject
Project("{9A19103F-16F7-4668-BE54-9A1E7A4F7556}") = "WebApi", "src\WebApi\WebApi.csproj", "{2A723AAC-59D9-42B4-8D64-0B844FCA4741}"
	ProjectSection(ProjectDependencies) = postProject
		{7E712D52-479E-4941-B81C-3D798BD868D1} = {7E712D52-479E-4941-B81C-3D798BD868D1}
		{954E1399-B94E-4090-B623-DD412724482C} = {954E1399-B94E-4090-B623-DD412724482C}
	EndProjectSection
EndProject
Global
	GlobalSection(SolutionConfigurationPlatforms) = preSolution
		Debug|Any CPU = Debug|Any CPU
		Release|Any CPU = Release|Any CPU
	EndGlobalSection
	GlobalSection(ProjectConfigurationPlatforms) = postSolution
		{96CA0F5B-CAF2-4BB4-9A1F-C2F2EA70CD57}.Debug|Any CPU.ActiveCfg = Debug|Any CPU
		{96CA0F5B-CAF2-4BB4-9A1F-C2F2EA70CD57}.Debug|Any CPU.Build.0 = Debug|Any CPU
		{96CA0F5B-CAF2-4BB4-9A1F-C2F2EA70CD57}.Release|Any CPU.ActiveCfg = Release|Any CPU
		{96CA0F5B-CAF2-4BB4-9A1F-C2F2EA70CD57}.Release|Any CPU.Build.0 = Release|Any CPU
		{954E1399-B94E-4090-B623-DD412724482C}.Debug|Any CPU.ActiveCfg = Debug|Any CPU
		{954E1399-B94E-4090-B623-DD412724482C}.Debug|Any CPU.Build.0 = Debug|Any CPU
		{954E1399-B94E-4090-B623-DD412724482C}.Release|Any CPU.ActiveCfg = Release|Any CPU
		{954E1399-B94E-4090-B623-DD412724482C}.Release|Any CPU.Build.0 = Release|Any CPU
		{7E712D52-479E-4941-B81C-3D798BD868D1}.Debug|Any CPU.ActiveCfg = Debug|Any CPU
		{7E712D52-479E-4941-B81C-3D798BD868D1}.Debug|Any CPU.Build.0 = Debug|Any CPU
		{7E712D52-479E-4941-B81C-3D798BD868D1}.Release|Any CPU.ActiveCfg = Release|Any CPU
		{7E712D52-479E-4941-B81C-3D798BD868D1}.Release|Any CPU.Build.0 = Release|Any CPU
		{2A723AAC-59D9-42B4-8D64-0B844FCA4741}.Debug|Any CPU.ActiveCfg = Debug|Any CPU
		{2A723AAC-59D9-42B4-8D64-0B844FCA4741}.Debug|Any CPU.Build.0 = Debug|Any CPU
		{2A723AAC-59D9-42B4-8D64-0B844FCA4741}.Release|Any CPU.ActiveCfg = Release|Any CPU
		{2A723AAC-59D9-42B4-8D64-0B844FCA4741}.Release|Any CPU.Build.0 = Release|Any CPU
	EndGlobalSection
	GlobalSection(SolutionProperties) = preSolution
		HideSolutionNode = FALSE
	EndGlobalSection
	GlobalSection(NestedProjects) = preSolution
		{96CA0F5B-CAF2-4BB4-9A1F-C2F2EA70CD57} = {BE747B5C-0157-42A9-B33A-C207ED4E78E9}
		{954E1399-B94E-4090-B623-DD412724482C} = {BE747B5C-0157-42A9-B33A-C207ED4E78E9}
		{7E712D52-479E-4941-B81C-3D798BD868D1} = {BE747B5C-0157-42A9-B33A-C207ED4E78E9}
		{2A723AAC-59D9-42B4-8D64-0B844FCA4741} = {BE747B5C-0157-42A9-B33A-C207ED4E78E9}
	EndGlobalSection
	GlobalSection(ExtensibilityGlobals) = postSolution
		SolutionGuid = {07A02DD8-56A9-48C6-8ACD-1C5013BC0552}
	EndGlobalSection
EndGlobal
